
Microsoft Visual Studio Solution File, Format Version 12.00
# Visual Studio Version 17
VisualStudioVersion = 17.11.35222.181
MinimumVisualStudioVersion = 10.0.40219.1
Project("{9A19103F-16F7-4668-BE54-9A1E7A4F7556}") = "AreaLibrary", "AreaLibrary\AreaLibrary.csproj", "{AE154640-4EBE-4F9E-837E-83929FE8E761}"
EndProject
Project("{9A19103F-16F7-4668-BE54-9A1E7A4F7556}") = "AreaUnitTest", "AreaUnitTest\AreaUnitTest.csproj", "{62A22231-C345-4513-B66D-0332188BFC9B}"
EndProject
Project("{2150E333-8FDC-42A3-9474-1A3956D46DE8}") = "Элементы решения", "Элементы решения", "{0B682AE9-BB2D-43A1-A8DE-32D8DBFCE05D}"
	ProjectSection(SolutionItems) = preProject
		README.md = README.md
		SqlRequest.sql = SqlRequest.sql
	EndProjectSection
EndProject
Global
	GlobalSection(SolutionConfigurationPlatforms) = preSolution
		Debug|Any CPU = Debug|Any CPU
		Release|Any CPU = Release|Any CPU
	EndGlobalSection
	GlobalSection(ProjectConfigurationPlatforms) = postSolution
		{AE154640-4EBE-4F9E-837E-83929FE8E761}.Debug|Any CPU.ActiveCfg = Debug|Any CPU
		{AE154640-4EBE-4F9E-837E-83929FE8E761}.Debug|Any CPU.Build.0 = Debug|Any CPU
		{AE154640-4EBE-4F9E-837E-83929FE8E761}.Release|Any CPU.ActiveCfg = Release|Any CPU
		{AE154640-4EBE-4F9E-837E-83929FE8E761}.Release|Any CPU.Build.0 = Release|Any CPU
		{62A22231-C345-4513-B66D-0332188BFC9B}.Debug|Any CPU.ActiveCfg = Debug|Any CPU
		{62A22231-C345-4513-B66D-0332188BFC9B}.Debug|Any CPU.Build.0 = Debug|Any CPU
		{62A22231-C345-4513-B66D-0332188BFC9B}.Release|Any CPU.ActiveCfg = Release|Any CPU
		{62A22231-C345-4513-B66D-0332188BFC9B}.Release|Any CPU.Build.0 = Release|Any CPU
	EndGlobalSection
	GlobalSection(SolutionProperties) = preSolution
		HideSolutionNode = FALSE
	EndGlobalSection
	GlobalSection(ExtensibilityGlobals) = postSolution
		SolutionGuid = {E13BE413-D5BF-4A76-84A9-33FD2DAD481F}
	EndGlobalSection
EndGlobal
